---
lockfileVersion: '9.0'

importers:

  .:
    configDependencies: {}
    packageManagerDependencies:
      pnpm:
        specifier: 12.1.0
        version: 12.1.0

packages:

  '@pnpm/exe.darwin-arm64@12.1.0':
    resolution: {integrity: sha512-9K+uSnTsJe9zD/YCMPiQDiwU8IiQRp+ZEE9IyVSr0Ppzfg5/xC0pwet2R320ifDIMroT3WYLkCEolV6XxtSS/g==}
    cpu: [arm64]
    os: [darwin]

  '@pnpm/exe.darwin-x64@12.1.0':
    resolution: {integrity: sha512-JcOc77W/KLg5ZZXr7q0WN8UDKirxQTuoaTkqRfMNkGyUHc/4bfNxLwjoZBilRQV6xmhJvU79ZUg++eYohzJhog==}
    cpu: [x64]
    os: [darwin]

  '@pnpm/exe.linux-arm64-musl@12.1.0':
    resolution: {integrity: sha512-RVJlfI4T2l6XXA5s/Wv9HHEq4ztIq79fiZXDVHyHaKEbp+11ZM5k61z0gaGzXCEGUp5anW2Uc3UgQpmjAR+IPw==}
    cpu: [arm64]
    os: [linux]
    libc: [musl]

  '@pnpm/exe.linux-arm64@12.1.0':
    resolution: {integrity: sha512-iLEE0ykaRZ3/OBhIjwe/Zo96ac0c7pY7toyf6+jUN8gOsIIwJTS+AqSyOy+U1Zyhuuec8nJiRQ4URl60nRxTwA==}
    cpu: [arm64]
    os: [linux]
    libc: [glibc]

  '@pnpm/exe.linux-x64-musl@12.1.0':
    resolution: {integrity: sha512-k+NUTRbz2CR9DBvGyAdtXU5HHPXytxi9MQ79uQRYNLF8nr/l1qHo++TvZ0OUuEpRxhg9B3n84Itv6MAHJR7TQQ==}
    cpu: [x64]
    os: [linux]
    libc: [musl]

  '@pnpm/exe.linux-x64@12.1.0':
    resolution: {integrity: sha512-GTi1DEM8vwIWpgC8P+xhw3Y2Ko2V88WtKAjbNwdeJAzMpzmcBeE4f0c2QKmeKpvi8/eYarxSIvBhYkTjA1BAcQ==}
    cpu: [x64]
    os: [linux]
    libc: [glibc]

  '@pnpm/exe.win32-arm64@12.1.0':
    resolution: {integrity: sha512-cK6kklZY8rs3d9gg8akGUgjDenFy65ZSAANXojs98d7Ne7gbzZYzU2joHRRilfpzCfawgG+lpPsh46a4xu55jQ==}
    cpu: [arm64]
    os: [win32]

  '@pnpm/exe.win32-x64@12.1.0':
    resolution: {integrity: sha512-Pk7Lvq3E5PWQFRJLLnLgW2qJAphtgPYCaaODB+FZRRvKksn8IPnF8Aj+/AT4+52GmckiANTbKwCsL18naJhohw==}
    cpu: [x64]
    os: [win32]

  pnpm@12.1.0:
    resolution: {integrity: sha512-2bgnbZf27IbkmBWHf5Hun2PO5h8gY7ME5Dttq4+gfOipr9RtL6zTn5Ieap0Gs8dagTSce4iMLSKIa64CKZAQNw==}
    engines: {node: '>=18.*'}
    hasBin: true

snapshots:

  '@pnpm/exe.darwin-arm64@12.1.0':
    optional: true

  '@pnpm/exe.darwin-x64@12.1.0':
    optional: true

  '@pnpm/exe.linux-arm64-musl@12.1.0':
    optional: true

  '@pnpm/exe.linux-arm64@12.1.0':
    optional: true

  '@pnpm/exe.linux-x64-musl@12.1.0':
    optional: true

  '@pnpm/exe.linux-x64@12.1.0':
    optional: true

  '@pnpm/exe.win32-arm64@12.1.0':
    optional: true

  '@pnpm/exe.win32-x64@12.1.0':
    optional: true

  pnpm@12.1.0:
    optionalDependencies:
      '@pnpm/exe.darwin-arm64': 12.1.0
      '@pnpm/exe.darwin-x64': 12.1.0
      '@pnpm/exe.linux-arm64': 12.1.0
      '@pnpm/exe.linux-arm64-musl': 12.1.0
      '@pnpm/exe.linux-x64': 12.1.0
      '@pnpm/exe.linux-x64-musl': 12.1.0
      '@pnpm/exe.win32-arm64': 12.1.0
      '@pnpm/exe.win32-x64': 12.1.0

---
lockfileVersion: '9.0'

settings:
  autoInstallPeers: true
  excludeLinksFromLockfile: false

importers:

  .:
    devDependencies:
      '@playwright/test':
        specifier: 1.61.1
        version: 1.61.1

packages:

  '@playwright/test@1.61.1':
    resolution: {integrity: sha512-8nKv6+0RJSL9FE4jYOEGXnPeM/Hg12qZpmqzZjRh3qM0Y7c3z1mrOTfFLids72RDQYVh9WpLEfR5WdpNX4fkig==}
    engines: {node: '>=18'}
    hasBin: true

  fsevents@2.3.2:
    resolution: {integrity: sha512-xiqMQR4xAeHTuB9uWm+fFRcIOgKBMiOBP+eXiyT7jsgVCq1bkVygt00oASowB7EdtpOHaaPgKt812P9ab+DDKA==}
    engines: {node: ^8.16.0 || ^10.6.0 || >=11.0.0}
    os: [darwin]

  playwright-core@1.61.1:
    resolution: {integrity: sha512-h7Qlt6m4REp25qvIdvbDtVmD4LqVXfpRxhORv9L0jzETM05p4fuPJ3dKyuSXQxDSbXnmS79HAgi9589lGSpLkg==}
    engines: {node: '>=18'}
    hasBin: true

  playwright@1.61.1:
    resolution: {integrity: sha512-DWnY5o3YbLWK4GovuAVwpqL+1VwGNdUGrRr++8j8PtQQzvAVZUIMjKQ90fY689sEJZJBbZVw1rXaOKSTitkzPQ==}
    engines: {node: '>=18'}
    hasBin: true

snapshots:

  '@playwright/test@1.61.1':
    dependencies:
      playwright: 1.61.1

  fsevents@2.3.2:
    optional: true

  playwright-core@1.61.1: {}

  playwright@1.61.1:
    dependencies:
      playwright-core: 1.61.1
    optionalDependencies:
      fsevents: 2.3.2
